// !$*UTF8*$!
{
	archiveVersion = 1;
	classes = {
	};
	objectVersion = 46;
	objects = {

/* Begin PBXBuildFile section */
		6B2F71F61D2E58AB00320B43 /* DetailsViewController.swift in Sources */ = {isa = PBXBuildFile; fileRef = 6B2F71F51D2E58AB00320B43 /* DetailsViewController.swift */; };
		6B4A08AE1D33809F001335F0 /* TopRateViewController.swift in Sources */ = {isa = PBXBuildFile; fileRef = 6B4A08AD1D33809F001335F0 /* TopRateViewController.swift */; };
		6B4A08B21D33864B001335F0 /* UIColor+App.swift in Sources */ = {isa = PBXBuildFile; fileRef = 6B4A08B11D33864B001335F0 /* UIColor+App.swift */; };
		6B4A08B41D339510001335F0 /* TopRateCell.swift in Sources */ = {isa = PBXBuildFile; fileRef = 6B4A08B31D339510001335F0 /* TopRateCell.swift */; };
		6B4A08B81D33B896001335F0 /* Networking.swift in Sources */ = {isa = PBXBuildFile; fileRef = 6B4A08B71D33B896001335F0 /* Networking.swift */; };
		6B54B0831D2BEF2F00EDB778 /* MovieCell.swift in Sources */ = {isa = PBXBuildFile; fileRef = 6B54B0821D2BEF2F00EDB778 /* MovieCell.swift */; };
		6B8E2C701D50593C002C2193 /* Movie.swift in Sources */ = {isa = PBXBuildFile; fileRef = 6B8E2C6F1D50593C002C2193 /* Movie.swift */; };
		6BBB48261D329FF3000DE4B9 /* InfiniteScrollActivityView.swift in Sources */ = {isa = PBXBuildFile; fileRef = 6BBB48251D329FF3000DE4B9 /* InfiniteScrollActivityView.swift */; };
		6BD6F9401D5827D60025D23C /* MovieTabBarController.swift in Sources */ = {isa = PBXBuildFile; fileRef = 6BD6F93F1D5827D60025D23C /* MovieTabBarController.swift */; };
		6BDEE39A1D2BE33D00F06D16 /* AppDelegate.swift in Sources */ = {isa = PBXBuildFile; fileRef = 6BDEE3991D2BE33D00F06D16 /* AppDelegate.swift */; };
		6BDEE39F1D2BE33D00F06D16 /* Main.storyboard in Resources */ = {isa = PBXBuildFile; fileRef = 6BDEE39D1D2BE33D00F06D16 /* Main.storyboard */; };
		6BDEE3A11D2BE33D00F06D16 /* Assets.xcassets in Resources */ = {isa = PBXBuildFile; fileRef = 6BDEE3A01D2BE33D00F06D16 /* Assets.xcassets */; };
		6BDEE3A41D2BE33D00F06D16 /* LaunchScreen.storyboard in Resources */ = {isa = PBXBuildFile; fileRef = 6BDEE3A21D2BE33D00F06D16 /* LaunchScreen.storyboard */; };
		6BDEE3AC1D2BE51E00F06D16 /* MoviesViewController.swift in Sources */ = {isa = PBXBuildFile; fileRef = 6BDEE3AB1D2BE51E00F06D16 /* MoviesViewController.swift */; };
		D10655B819B4F12B9DD5890E /* Pods_MyMovieApp.framework in Frameworks */ = {isa = PBXBuildFile; fileRef = 78E7609AE0B7070ADF1B1878 /* Pods_MyMovieApp.framework */; };
/* End PBXBuildFile section */

/* Begin PBXFileReference section */
		1A7FA60E6474475036405134 /* Pods-MyMovieApp.release.xcconfig */ = {isa = PBXFileReference; includeInIndex = 1; lastKnownFileType = text.xcconfig; name = "Pods-MyMovieApp.release.xcconfig"; path = "Pods/Target Support Files/Pods-MyMovieApp/Pods-MyMovieApp.release.xcconfig"; sourceTree = "<group>"; };
		6B2F71F51D2E58AB00320B43 /* DetailsViewController.swift */ = {isa = PBXFileReference; fileEncoding = 4; lastKnownFileType = sourcecode.swift; name = DetailsViewController.swift; path = ../DetailsViewController.swift; sourceTree = "<group>"; };
		6B4A08AD1D33809F001335F0 /* TopRateViewController.swift */ = {isa = PBXFileReference; fileEncoding = 4; lastKnownFileType = sourcecode.swift; path = TopRateViewController.swift; sourceTree = "<group>"; };
		6B4A08B11D33864B001335F0 /* UIColor+App.swift */ = {isa = PBXFileReference; fileEncoding = 4; lastKnownFileType = sourcecode.swift; path = "UIColor+App.swift"; sourceTree = "<group>"; };
		6B4A08B31D339510001335F0 /* TopRateCell.swift */ = {isa = PBXFileReference; fileEncoding = 4; lastKnownFileType = sourcecode.swift; path = TopRateCell.swift; sourceTree = "<group>"; };
		6B4A08B71D33B896001335F0 /* Networking.swift */ = {isa = PBXFileReference; fileEncoding = 4; lastKnownFileType = sourcecode.swift; path = Networking.swift; sourceTree = "<group>"; };
		6B54B0821D2BEF2F00EDB778 /* MovieCell.swift */ = {isa = PBXFileReference; fileEncoding = 4; lastKnownFileType = sourcecode.swift; path = MovieCell.swift; sourceTree = "<group>"; };
		6B8E2C6F1D50593C002C2193 /* Movie.swift */ = {isa = PBXFileReference; fileEncoding = 4; lastKnownFileType = sourcecode.swift; path = Movie.swift; sourceTree = "<group>"; };
		6BBB48251D329FF3000DE4B9 /* InfiniteScrollActivityView.swift */ = {isa = PBXFileReference; fileEncoding = 4; lastKnownFileType = sourcecode.swift; path = InfiniteScrollActivityView.swift; sourceTree = "<group>"; };
		6BD6F93F1D5827D60025D23C /* MovieTabBarController.swift */ = {isa = PBXFileReference; fileEncoding = 4; lastKnownFileType = sourcecode.swift; name = MovieTabBarController.swift; path = ../../../../.Trash/MovieTabBarController.swift; sourceTree = "<group>"; };
		6BDEE3961D2BE33D00F06D16 /* MyMovieApp.app */ = {isa = PBXFileReference; explicitFileType = wrapper.application; includeInIndex = 0; path = MyMovieApp.app; sourceTree = BUILT_PRODUCTS_DIR; };
		6BDEE3991D2BE33D00F06D16 /* AppDelegate.swift */ = {isa = PBXFileReference; lastKnownFileType = sourcecode.swift; path = AppDelegate.swift; sourceTree = "<group>"; };
		6BDEE39E1D2BE33D00F06D16 /* Base */ = {isa = PBXFileReference; lastKnownFileType = file.storyboard; name = Base; path = Base.lproj/Main.storyboard; sourceTree = "<group>"; };
		6BDEE3A01D2BE33D00F06D16 /* Assets.xcassets */ = {isa = PBXFileReference; lastKnownFileType = folder.assetcatalog; path = Assets.xcassets; sourceTree = "<group>"; };
		6BDEE3A31D2BE33D00F06D16 /* Base */ = {isa = PBXFileReference; lastKnownFileType = file.storyboard; name = Base; path = Base.lproj/LaunchScreen.storyboard; sourceTree = "<group>"; };
		6BDEE3A51D2BE33D00F06D16 /* Info.plist */ = {isa = PBXFileReference; lastKnownFileType = text.plist.xml; path = Info.plist; sourceTree = "<group>"; };
		6BDEE3AB1D2BE51E00F06D16 /* MoviesViewController.swift */ = {isa = PBXFileReference; fileEncoding = 4; lastKnownFileType = sourcecode.swift; path = MoviesViewController.swift; sourceTree = "<group>"; };
		78E7609AE0B7070ADF1B1878 /* Pods_MyMovieApp.framework */ = {isa = PBXFileReference; explicitFileType = wrapper.framework; includeInIndex = 0; path = Pods_MyMovieApp.framework; sourceTree = BUILT_PRODUCTS_DIR; };
		BE79A53CEC29F333AD8257D4 /* Pods-MyMovieApp.debug.xcconfig */ = {isa = PBXFileReference; includeInIndex = 1; lastKnownFileType = text.xcconfig; name = "Pods-MyMovieApp.debug.xcconfig"; path = "Pods/Target Support Files/Pods-MyMovieApp/Pods-MyMovieApp.debug.xcconfig"; sourceTree = "<group>"; };
/* End PBXFileReference section */

/* Begin PBXFrameworksBuildPhase section */
		6BDEE3931D2BE33D00F06D16 /* Frameworks */ = {
			isa = PBXFrameworksBuildPhase;
			buildActionMask = 2147483647;
			files = (
				D10655B819B4F12B9DD5890E /* Pods_MyMovieApp.framework in Frameworks */,
			);
			runOnlyForDeploymentPostprocessing = 0;
		};
/* End PBXFrameworksBuildPhase section */

/* Begin PBXGroup section */
		6B8E2C691D50554A002C2193 /* View Controllers */ = {
			isa = PBXGroup;
			children = (
				6B4A08AD1D33809F001335F0 /* TopRateViewController.swift */,
				6BD6F93F1D5827D60025D23C /* MovieTabBarController.swift */,
				6B2F71F51D2E58AB00320B43 /* DetailsViewController.swift */,
				6BDEE3AB1D2BE51E00F06D16 /* MoviesViewController.swift */,
			);
			name = "View Controllers";
			sourceTree = "<group>";
		};
		6B8E2C6A1D50555A002C2193 /* Custom Views */ = {
			isa = PBXGroup;
			children = (
				6B54B0821D2BEF2F00EDB778 /* MovieCell.swift */,
				6B4A08B31D339510001335F0 /* TopRateCell.swift */,
			);
			name = "Custom Views";
			sourceTree = "<group>";
		};
		6B8E2C6B1D5055B1002C2193 /* API */ = {
			isa = PBXGroup;
			children = (
				6B4A08B71D33B896001335F0 /* Networking.swift */,
			);
			name = API;
			sourceTree = "<group>";
		};
		6B8E2C6C1D5055FA002C2193 /* Extensions */ = {
			isa = PBXGroup;
			children = (
				6BBB48251D329FF3000DE4B9 /* InfiniteScrollActivityView.swift */,
				6B4A08B11D33864B001335F0 /* UIColor+App.swift */,
			);
			name = Extensions;
			sourceTree = "<group>";
		};
		6B8E2C6D1D50565F002C2193 /* Models */ = {
			isa = PBXGroup;
			children = (
				6B8E2C6F1D50593C002C2193 /* Movie.swift */,
			);
			name = Models;
			sourceTree = "<group>";
		};
		6B8E2C6E1D50581F002C2193 /* Supporting Files */ = {
			isa = PBXGroup;
			children = (
				6BDEE3A51D2BE33D00F06D16 /* Info.plist */,
			);
			name = "Supporting Files";
			sourceTree = "<group>";
		};
		6BDEE38D1D2BE33D00F06D16 = {
			isa = PBXGroup;
			children = (
				6BDEE3981D2BE33D00F06D16 /* MyMovieApp */,
				6BDEE3971D2BE33D00F06D16 /* Products */,
				B17CBC83FBD52276F65F39F6 /* Pods */,
				E9C6A6CEC0903AD465CA68AB /* Frameworks */,
			);
			sourceTree = "<group>";
		};
		6BDEE3971D2BE33D00F06D16 /* Products */ = {
			isa = PBXGroup;
			children = (
				6BDEE3961D2BE33D00F06D16 /* MyMovieApp.app */,
			);
			name = Products;
			sourceTree = "<group>";
		};
		6BDEE3981D2BE33D00F06D16 /* MyMovieApp */ = {
			isa = PBXGroup;
			children = (
				6B8E2C6E1D50581F002C2193 /* Supporting Files */,
				6B8E2C6D1D50565F002C2193 /* Models */,
				6B8E2C6C1D5055FA002C2193 /* Extensions */,
				6B8E2C6B1D5055B1002C2193 /* API */,
				6B8E2C6A1D50555A002C2193 /* Custom Views */,
				6B8E2C691D50554A002C2193 /* View Controllers */,
				6BDEE3991D2BE33D00F06D16 /* AppDelegate.swift */,
				6BDEE39D1D2BE33D00F06D16 /* Main.storyboard */,
				6BDEE3A01D2BE33D00F06D16 /* Assets.xcassets */,
				6BDEE3A21D2BE33D00F06D16 /* LaunchScreen.storyboard */,
			);
			path = MyMovieApp;
			sourceTree = "<group>";
		};
		B17CBC83FBD52276F65F39F6 /* Pods */ = {
			isa = PBXGroup;
			children = (
				BE79A53CEC29F333AD8257D4 /* Pods-MyMovieApp.debug.xcconfig */,
				1A7FA60E6474475036405134 /* Pods-MyMovieApp.release.xcconfig */,
			);
			name = Pods;
			sourceTree = "<group>";
		};
		E9C6A6CEC0903AD465CA68AB /* Frameworks */ = {
			isa = PBXGroup;
			children = (
				78E7609AE0B7070ADF1B1878 /* Pods_MyMovieApp.framework */,
			);
			name = Frameworks;
			sourceTree = "<group>";
		};
/* End PBXGroup section */

/* Begin PBXNativeTarget section */
		6BDEE3951D2BE33D00F06D16 /* MyMovieApp */ = {
			isa = PBXNativeTarget;
			buildConfigurationList = 6BDEE3A81D2BE33D00F06D16 /* Build configuration list for PBXNativeTarget "MyMovieApp" */;
			buildPhases = (
				93FA54EB3A8B0BD3F4DEE178 /* [CP] Check Pods Manifest.lock */,
				2060AFB69C656118DE169043 /* [CP] Check Pods Manifest.lock */,
				6BDEE3921D2BE33D00F06D16 /* Sources */,
				6BDEE3931D2BE33D00F06D16 /* Frameworks */,
				6BDEE3941D2BE33D00F06D16 /* Resources */,
				CFBCF180AC5BCC29BB8E6ADE /* [CP] Embed Pods Frameworks */,
				DCB0522B9AF15EDA23D69075 /* [CP] Copy Pods Resources */,
				CE9D5450F54A6D79C7DB03BA /* 📦 Embed Pods Frameworks */,
				8E67CE8CA58CA1F7F29394E0 /* 📦 Copy Pods Resources */,
			);
			buildRules = (
			);
			dependencies = (
			);
			name = MyMovieApp;
			productName = MyMovieApp;
			productReference = 6BDEE3961D2BE33D00F06D16 /* MyMovieApp.app */;
			productType = "com.apple.product-type.application";
		};
/* End PBXNativeTarget section */

/* Begin PBXProject section */
		6BDEE38E1D2BE33D00F06D16 /* Project object */ = {
			isa = PBXProject;
			attributes = {
				LastSwiftUpdateCheck = 0730;
				LastUpgradeCheck = 0730;
				ORGANIZATIONNAME = "Nhung Huynh";
				TargetAttributes = {
					6BDEE3951D2BE33D00F06D16 = {
						CreatedOnToolsVersion = 7.3.1;
					};
				};
			};
			buildConfigurationList = 6BDEE3911D2BE33D00F06D16 /* Build configuration list for PBXProject "MyMovieApp" */;
			compatibilityVersion = "Xcode 3.2";
			developmentRegion = English;
			hasScannedForEncodings = 0;
			knownRegions = (
				en,
				Base,
			);
			mainGroup = 6BDEE38D1D2BE33D00F06D16;
			productRefGroup = 6BDEE3971D2BE33D00F06D16 /* Products */;
			projectDirPath = "";
			projectRoot = "";
			targets = (
				6BDEE3951D2BE33D00F06D16 /* MyMovieApp */,
			);
		};
/* End PBXProject section */

/* Begin PBXResourcesBuildPhase section */
		6BDEE3941D2BE33D00F06D16 /* Resources */ = {
			isa = PBXResourcesBuildPhase;
			buildActionMask = 2147483647;
			files = (
				6BDEE3A41D2BE33D00F06D16 /* LaunchScreen.storyboard in Resources */,
				6BDEE3A11D2BE33D00F06D16 /* Assets.xcassets in Resources */,
				6BDEE39F1D2BE33D00F06D16 /* Main.storyboard in Resources */,
			);
			runOnlyForDeploymentPostprocessing = 0;
		};
/* End PBXResourcesBuildPhase section */

/* Begin PBXShellScriptBuildPhase section */
		2060AFB69C656118DE169043 /* [CP] Check Pods Manifest.lock */ = {
			isa = PBXShellScriptBuildPhase;
			buildActionMask = 2147483647;
			files = (
			);
			inputPaths = (
			);
			name = "[CP] Check Pods Manifest.lock";
			outputPaths = (
			);
			runOnlyForDeploymentPostprocessing = 0;
			shellPath = /bin/sh;
			shellScript = "diff \"${PODS_ROOT}/../Podfile.lock\" \"${PODS_ROOT}/Manifest.lock\" > /dev/null\nif [[ $? != 0 ]] ; then\n    cat << EOM\nerror: The sandbox is not in sync with the Podfile.lock. Run 'pod install' or update your CocoaPods installation.\nEOM\n    exit 1\nfi\n";
			showEnvVarsInLog = 0;
		};
		8E67CE8CA58CA1F7F29394E0 /* 📦 Copy Pods Resources */ = {
			isa = PBXShellScriptBuildPhase;
			buildActionMask = 2147483647;
			files = (
			);
			inputPaths = (
			);
			name = "📦 Copy Pods Resources";
			outputPaths = (
			);
			runOnlyForDeploymentPostprocessing = 0;
			shellPath = /bin/sh;
			shellScript = "\"${SRCROOT}/Pods/Target Support Files/Pods-MyMovieApp/Pods-MyMovieApp-resources.sh\"\n";
			showEnvVarsInLog = 0;
		};
		93FA54EB3A8B0BD3F4DEE178 /* [CP] Check Pods Manifest.lock */ = {
			isa = PBXShellScriptBuildPhase;
			buildActionMask = 2147483647;
			files = (
			);
			inputPaths = (
			);
			name = "[CP] Check Pods Manifest.lock";
			outputPaths = (
			);
			runOnlyForDeploymentPostprocessing = 0;
			shellPath = /bin/sh;
			shellScript = "diff \"${PODS_ROOT}/../Podfile.lock\" \"${PODS_ROOT}/Manifest.lock\" > /dev/null\nif [[ $? != 0 ]] ; then\n    cat << EOM\nerror: The sandbox is not in sync with the Podfile.lock. Run 'pod install' or update your CocoaPods installation.\nEOM\n    exit 1\nfi\n";
			showEnvVarsInLog = 0;
		};
		CE9D5450F54A6D79C7DB03BA /* 📦 Embed Pods Frameworks */ = {
			isa = PBXShellScriptBuildPhase;
			buildActionMask = 2147483647;
			files = (
			);
			inputPaths = (
			);
			name = "📦 Embed Pods Frameworks";
			outputPaths = (
			);
			runOnlyForDeploymentPostprocessing = 0;
			shellPath = /bin/sh;
			shellScript = "\"${SRCROOT}/Pods/Target Support Files/Pods-MyMovieApp/Pods-MyMovieApp-frameworks.sh\"\n";
			showEnvVarsInLog = 0;
		};
		CFBCF180AC5BCC29BB8E6ADE /* [CP] Embed Pods Frameworks */ = {
			isa = PBXShellScriptBuildPhase;
			buildActionMask = 2147483647;
			files = (
			);
			inputPaths = (
			);
			name = "[CP] Embed Pods Frameworks";
			outputPaths = (
			);
			runOnlyForDeploymentPostprocessing = 0;
			shellPath = /bin/sh;
			shellScript = "\"${SRCROOT}/Pods/Target Support Files/Pods-MyMovieApp/Pods-MyMovieApp-frameworks.sh\"\n";
			showEnvVarsInLog = 0;
		};
		DCB0522B9AF15EDA23D69075 /* [CP] Copy Pods Resources */ = {
			isa = PBXShellScriptBuildPhase;
			buildActionMask = 2147483647;
			files = (
			);
			inputPaths = (
			);
			name = "[CP] Copy Pods Resources";
			outputPaths = (
			);
			runOnlyForDeploymentPostprocessing = 0;
			shellPath = /bin/sh;
			shellScript = "\"${SRCROOT}/Pods/Target Support Files/Pods-MyMovieApp/Pods-MyMovieApp-resources.sh\"\n";
			showEnvVarsInLog = 0;
		};
/* End PBXShellScriptBuildPhase section */

/* Begin PBXSourcesBuildPhase section */
		6BDEE3921D2BE33D00F06D16 /* Sources */ = {
			isa = PBXSourcesBuildPhase;
			buildActionMask = 2147483647;
			files = (
				6B4A08B41D339510001335F0 /* TopRateCell.swift in Sources */,
				6B4A08B81D33B896001335F0 /* Networking.swift in Sources */,
				6BD6F9401D5827D60025D23C /* MovieTabBarController.swift in Sources */,
				6BBB48261D329FF3000DE4B9 /* InfiniteScrollActivityView.swift in Sources */,
				6BDEE39A1D2BE33D00F06D16 /* AppDelegate.swift in Sources */,
				6BDEE3AC1D2BE51E00F06D16 /* MoviesViewController.swift in Sources */,
				6B54B0831D2BEF2F00EDB778 /* MovieCell.swift in Sources */,
				6B4A08AE1D33809F001335F0 /* TopRateViewController.swift in Sources */,
				6B4A08B21D33864B001335F0 /* UIColor+App.swift in Sources */,
				6B2F71F61D2E58AB00320B43 /* DetailsViewController.swift in Sources */,
				6B8E2C701D50593C002C2193 /* Movie.swift in Sources */,
			);
			runOnlyForDeploymentPostprocessing = 0;
		};
/* End PBXSourcesBuildPhase section */

/* Begin PBXVariantGroup section */
		6BDEE39D1D2BE33D00F06D16 /* Main.storyboard */ = {
			isa = PBXVariantGroup;
			children = (
				6BDEE39E1D2BE33D00F06D16 /* Base */,
			);
			name = Main.storyboard;
			sourceTree = "<group>";
		};
		6BDEE3A21D2BE33D00F06D16 /* LaunchScreen.storyboard */ = {
			isa = PBXVariantGroup;
			children = (
				6BDEE3A31D2BE33D00F06D16 /* Base */,
			);
			name = LaunchScreen.storyboard;
			sourceTree = "<group>";
		};
/* End PBXVariantGroup section */

/* Begin XCBuildConfiguration section */
		6BDEE3A61D2BE33D00F06D16 /* Debug */ = {
			isa = XCBuildConfiguration;
			buildSettings = {
				ALWAYS_SEARCH_USER_PATHS = NO;
				CLANG_ANALYZER_NONNULL = YES;
				CLANG_CXX_LANGUAGE_STANDARD = "gnu++0x";
				CLANG_CXX_LIBRARY = "libc++";
				CLANG_ENABLE_MODULES = YES;
				CLANG_ENABLE_OBJC_ARC = YES;
				CLANG_WARN_BOOL_CONVERSION = YES;
				CLANG_WARN_CONSTANT_CONVERSION = YES;
				CLANG_WARN_DIRECT_OBJC_ISA_USAGE = YES_ERROR;
				CLANG_WARN_EMPTY_BODY = YES;
				CLANG_WARN_ENUM_CONVERSION = YES;
				CLANG_WARN_INT_CONVERSION = YES;
				CLANG_WARN_OBJC_ROOT_CLASS = YES_ERROR;
				CLANG_WARN_UNREACHABLE_CODE = YES;
				CLANG_WARN__DUPLICATE_METHOD_MATCH = YES;
				"CODE_SIGN_IDENTITY[sdk=iphoneos*]" = "iPhone Developer";
				COPY_PHASE_STRIP = NO;
				DEBUG_INFORMATION_FORMAT = dwarf;
				ENABLE_STRICT_OBJC_MSGSEND = YES;
				ENABLE_TESTABILITY = YES;
				GCC_C_LANGUAGE_STANDARD = gnu99;
				GCC_DYNAMIC_NO_PIC = NO;
				GCC_NO_COMMON_BLOCKS = YES;
				GCC_OPTIMIZATION_LEVEL = 0;
				GCC_PREPROCESSOR_DEFINITIONS = (
					"DEBUG=1",
					"$(inherited)",
				);
				GCC_WARN_64_TO_32_BIT_CONVERSION = YES;
				GCC_WARN_ABOUT_RETURN_TYPE = YES_ERROR;
				GCC_WARN_UNDECLARED_SELECTOR = YES;
				GCC_WARN_UNINITIALIZED_AUTOS = YES_AGGRESSIVE;
				GCC_WARN_UNUSED_FUNCTION = YES;
				GCC_WARN_UNUSED_VARIABLE = YES;
				IPHONEOS_DEPLOYMENT_TARGET = 9.3;
				MTL_ENABLE_DEBUG_INFO = YES;
				ONLY_ACTIVE_ARCH = YES;
				SDKROOT = iphoneos;
				SWIFT_OPTIMIZATION_LEVEL = "-Onone";
			};
			name = Debug;
		};
		6BDEE3A71D2BE33D00F06D16 /* Release */ = {
			isa = XCBuildConfiguration;
			buildSettings = {
				ALWAYS_SEARCH_USER_PATHS = NO;
				CLANG_ANALYZER_NONNULL = YES;
				CLANG_CXX_LANGUAGE_STANDARD = "gnu++0x";
				CLANG_CXX_LIBRARY = "libc++";
				CLANG_ENABLE_MODULES = YES;
				CLANG_ENABLE_OBJC_ARC = YES;
				CLANG_WARN_BOOL_CONVERSION = YES;
				CLANG_WARN_CONSTANT_CONVERSION = YES;
				CLANG_WARN_DIRECT_OBJC_ISA_USAGE = YES_ERROR;
				CLANG_WARN_EMPTY_BODY = YES;
				CLANG_WARN_ENUM_CONVERSION = YES;
				CLANG_WARN_INT_CONVERSION = YES;
				CLANG_WARN_OBJC_ROOT_CLASS = YES_ERROR;
				CLANG_WARN_UNREACHABLE_CODE = YES;
				CLANG_WARN__DUPLICATE_METHOD_MATCH = YES;
				"CODE_SIGN_IDENTITY[sdk=iphoneos*]" = "iPhone Developer";
				COPY_PHASE_STRIP = NO;
				DEBUG_INFORMATION_FORMAT = "dwarf-with-dsym";
				ENABLE_NS_ASSERTIONS = NO;
				ENABLE_STRICT_OBJC_MSGSEND = YES;
				GCC_C_LANGUAGE_STANDARD = gnu99;
				GCC_NO_COMMON_BLOCKS = YES;
				GCC_WARN_64_TO_32_BIT_CONVERSION = YES;
				GCC_WARN_ABOUT_RETURN_TYPE = YES_ERROR;
				GCC_WARN_UNDECLARED_SELECTOR = YES;
				GCC_WARN_UNINITIALIZED_AUTOS = YES_AGGRESSIVE;
				GCC_WARN_UNUSED_FUNCTION = YES;
				GCC_WARN_UNUSED_VARIABLE = YES;
				IPHONEOS_DEPLOYMENT_TARGET = 9.3;
				MTL_ENABLE_DEBUG_INFO = NO;
				SDKROOT = iphoneos;
				VALIDATE_PRODUCT = YES;
			};
			name = Release;
		};
		6BDEE3A91D2BE33D00F06D16 /* Debug */ = {
			isa = XCBuildConfiguration;
			baseConfigurationReference = BE79A53CEC29F333AD8257D4 /* Pods-MyMovieApp.debug.xcconfig */;
			buildSettings = {
				ASSETCATALOG_COMPILER_APPICON_NAME = AppIcon;
				INFOPLIST_FILE = MyMovieApp/Info.plist;
				LD_RUNPATH_SEARCH_PATHS = "$(inherited) @executable_path/Frameworks";
				PRODUCT_BUNDLE_IDENTIFIER = nhung.huynh.MyMovieApp;
				PRODUCT_NAME = "$(TARGET_NAME)";
			};
			name = Debug;
		};
		6BDEE3AA1D2BE33D00F06D16 /* Release */ = {
			isa = XCBuildConfiguration;
			baseConfigurationReference = 1A7FA60E6474475036405134 /* Pods-MyMovieApp.release.xcconfig */;
			buildSettings = {
				ASSETCATALOG_COMPILER_APPICON_NAME = AppIcon;
				INFOPLIST_FILE = MyMovieApp/Info.plist;
				LD_RUNPATH_SEARCH_PATHS = "$(inherited) @executable_path/Frameworks";
				PRODUCT_BUNDLE_IDENTIFIER = nhung.huynh.MyMovieApp;
				PRODUCT_NAME = "$(TARGET_NAME)";
			};
			name = Release;
		};
/* End XCBuildConfiguration section */

/* Begin XCConfigurationList section */
		6BDEE3911D2BE33D00F06D16 /* Build configuration list for PBXProject "MyMovieApp" */ = {
			isa = XCConfigurationList;
			buildConfigurations = (
				6BDEE3A61D2BE33D00F06D16 /* Debug */,
				6BDEE3A71D2BE33D00F06D16 /* Release */,
			);
			defaultConfigurationIsVisible = 0;
			defaultConfigurationName = Release;
		};
		6BDEE3A81D2BE33D00F06D16 /* Build configuration list for PBXNativeTarget "MyMovieApp" */ = {
			isa = XCConfigurationList;
			buildConfigurations = (
				6BDEE3A91D2BE33D00F06D16 /* Debug */,
				6BDEE3AA1D2BE33D00F06D16 /* Release */,
			);
			defaultConfigurationIsVisible = 0;
			defaultConfigurationName = Release;
		};
/* End XCConfigurationList section */
	};
	rootObject = 6BDEE38E1D2BE33D00F06D16 /* Project object */;
}
